
Microsoft Visual Studio Solution File, Format Version 12.00
Project("{2150E333-8FDC-42A3-9474-1A3956D46DE8}") = "src", "src", "{4C6997A4-B06B-4E7E-B24A-241AF381F582}"
EndProject
Project("{2150E333-8FDC-42A3-9474-1A3956D46DE8}") = "deployments", "deployments", "{EFCD4A25-A8BE-4AF4-B2C9-FD0D795AECDA}"
EndProject
Project("{2150E333-8FDC-42A3-9474-1A3956D46DE8}") = "tests", "tests", "{9ED9BC63-725C-4A18-BEA2-D56DCA626590}"
EndProject
Project("{2150E333-8FDC-42A3-9474-1A3956D46DE8}") = "Services", "Services", "{4606B198-2BE8-4A2C-9212-A55330B26B9C}"
EndProject
Project("{2150E333-8FDC-42A3-9474-1A3956D46DE8}") = "Workers", "Workers", "{970848C9-401D-4202-851C-E43214DEB43A}"
EndProject
Project("{2150E333-8FDC-42A3-9474-1A3956D46DE8}") = "Infrastructure", "Infrastructure", "{896AC4F0-EAF2-42CE-9839-BF2B275B799B}"
EndProject
Project("{2150E333-8FDC-42A3-9474-1A3956D46DE8}") = "Flight", "Flight", "{927C5ADC-0993-4E4B-9E37-E32844E47727}"
EndProject
Project("{2150E333-8FDC-42A3-9474-1A3956D46DE8}") = "Presentation", "Presentation", "{D752F911-192C-409B-89FF-B8A377134555}"
EndProject
Project("{2150E333-8FDC-42A3-9474-1A3956D46DE8}") = "Core", "Core", "{944E89D7-67F9-4FA5-800A-78E39B997F4C}"
EndProject
Project("{2150E333-8FDC-42A3-9474-1A3956D46DE8}") = "Infrastructure", "Infrastructure", "{72A5D754-B9B1-4CFF-AC2E-34EEDC3F97F6}"
EndProject
Project("{FAE04EC0-301F-11D3-BF4B-00C04F79EFBC}") = "SkySync.Services.Flight.Domain", "src\Services\Flight\Core\SkySync.Services.Flight.Domain\SkySync.Services.Flight.Domain.csproj", "{7F8B535C-D339-400D-B700-80B470C7F351}"
EndProject
Project("{FAE04EC0-301F-11D3-BF4B-00C04F79EFBC}") = "SkySync.Services.Flight.Application", "src\Services\Flight\Core\SkySync.Services.Flight.Application\SkySync.Services.Flight.Application.csproj", "{A012CDF1-8C1F-4605-A33C-24BE63BE036A}"
EndProject
Project("{FAE04EC0-301F-11D3-BF4B-00C04F79EFBC}") = "SkySync.Services.Flight.Persistence", "src\Services\Flight\Infrastructure\SkySync.Services.Flight.Persistence\SkySync.Services.Flight.Persistence.csproj", "{9D85A745-5B03-429B-86CF-9DDFDCCDFB9B}"
EndProject
Project("{FAE04EC0-301F-11D3-BF4B-00C04F79EFBC}") = "SkySync.Services.Flight.Infrastructure", "src\Services\Flight\Infrastructure\SkySync.Services.Flight.Infrastructure\SkySync.Services.Flight.Infrastructure.csproj", "{EEDEB257-66FA-44F2-A7A0-10DD8110D520}"
EndProject
Project("{FAE04EC0-301F-11D3-BF4B-00C04F79EFBC}") = "SkySync.Services.Flight.WebApi", "src\Services\Flight\Presentation\SkySync.Services.Flight.WebApi\SkySync.Services.Flight.WebApi.csproj", "{FB8A3B68-062C-41EA-99F3-C52F320DCE0C}"
EndProject
Project("{2150E333-8FDC-42A3-9474-1A3956D46DE8}") = "Reservation", "Reservation", "{D0F55754-DA3D-4D3C-8ED7-3E5835A70B43}"
EndProject
Project("{2150E333-8FDC-42A3-9474-1A3956D46DE8}") = "Core", "Core", "{424E2D12-BD00-4F25-ACAE-A4624A84188C}"
EndProject
Project("{2150E333-8FDC-42A3-9474-1A3956D46DE8}") = "Infrastructure", "Infrastructure", "{714FF788-759D-4732-BA13-9E5AF6291AE6}"
EndProject
Project("{2150E333-8FDC-42A3-9474-1A3956D46DE8}") = "Presentation", "Presentation", "{EBB87581-F369-493A-A305-A109E08BDAA6}"
EndProject
Project("{FAE04EC0-301F-11D3-BF4B-00C04F79EFBC}") = "SkySync.Services.Reservation.Domain", "src\Services\Reservation\Core\SkySync.Services.Reservation.Domain\SkySync.Services.Reservation.Domain.csproj", "{324D1061-C17C-4A0D-A1EC-DF24324D4543}"
EndProject
Project("{FAE04EC0-301F-11D3-BF4B-00C04F79EFBC}") = "SkySync.Services.Reservation.Application", "src\Services\Reservation\Core\SkySync.Services.Reservation.Application\SkySync.Services.Reservation.Application.csproj", "{1098DC58-B8E1-4406-BACB-319CFEDC5032}"
EndProject
Project("{FAE04EC0-301F-11D3-BF4B-00C04F79EFBC}") = "SkySync.Services.Reservation.Persistence", "src\Services\Reservation\Infrastructure\SkySync.Services.Reservation.Persistence\SkySync.Services.Reservation.Persistence.csproj", "{F6B0E1A5-4408-45BF-931D-6333DF6668ED}"
EndProject
Project("{FAE04EC0-301F-11D3-BF4B-00C04F79EFBC}") = "SkySync.Services.Reservation.Infrastructure", "src\Services\Reservation\Infrastructure\SkySync.Services.Reservation.Infrastructure\SkySync.Services.Reservation.Infrastructure.csproj", "{8DD599C9-07EF-43AB-9231-0D1638982F69}"
EndProject
Project("{FAE04EC0-301F-11D3-BF4B-00C04F79EFBC}") = "SkySync.Services.Reservation.WebApi", "src\Services\Reservation\Presentation\SkySync.Services.Reservation.WebApi\SkySync.Services.Reservation.WebApi.csproj", "{C0F3B18D-F8C8-4DB3-977D-2D6B4BD079C3}"
EndProject
Project("{2150E333-8FDC-42A3-9474-1A3956D46DE8}") = "Payment", "Payment", "{73BC137B-7D20-4B6F-923D-45AB6C2F39F0}"
EndProject
Project("{2150E333-8FDC-42A3-9474-1A3956D46DE8}") = "Notification", "Notification", "{76466EEA-3FEC-4DDF-BB11-1ACDA644DB47}"
EndProject
Project("{2150E333-8FDC-42A3-9474-1A3956D46DE8}") = "Core", "Core", "{9730965E-65B4-497B-8C81-42C81D6E4CDE}"
EndProject
Project("{FAE04EC0-301F-11D3-BF4B-00C04F79EFBC}") = "SkySync.Services.Payment.Domain", "src\Services\Payment\Core\SkySync.Services.Payment.Domain\SkySync.Services.Payment.Domain.csproj", "{9161EE79-0577-443E-A72F-BF1B0ADEFF05}"
EndProject
Project("{FAE04EC0-301F-11D3-BF4B-00C04F79EFBC}") = "SkySync.Services.Payment.Application", "src\Services\Payment\Core\SkySync.Services.Payment.Application\SkySync.Services.Payment.Application.csproj", "{9D2C8C01-E841-4E6F-BF0D-1697AC7ECD12}"
EndProject
Project("{2150E333-8FDC-42A3-9474-1A3956D46DE8}") = "Infrastructure", "Infrastructure", "{66DEFA6B-FBD9-4336-B9A7-0976906F388B}"
EndProject
Project("{FAE04EC0-301F-11D3-BF4B-00C04F79EFBC}") = "SkySync.Services.Payment.Persistence", "src\Services\Payment\Infrastructure\SkySync.Services.Payment.Persistence\SkySync.Services.Payment.Persistence.csproj", "{A365D5AF-49D3-4ABE-BB1B-D1A201629EC4}"
EndProject
Project("{FAE04EC0-301F-11D3-BF4B-00C04F79EFBC}") = "SkySync.Services.Payment.Infrastructure", "src\Services\Payment\Infrastructure\SkySync.Services.Payment.Infrastructure\SkySync.Services.Payment.Infrastructure.csproj", "{162BC7D9-14AD-4D56-9050-BF84397A5720}"
EndProject
Project("{2150E333-8FDC-42A3-9474-1A3956D46DE8}") = "Presentation", "Presentation", "{1578F33B-2CEC-428E-A98D-A9272A89F080}"
EndProject
Project("{FAE04EC0-301F-11D3-BF4B-00C04F79EFBC}") = "SkySync.Services.Payment.WebApi", "src\Services\Payment\Presentation\SkySync.Services.Payment.WebApi\SkySync.Services.Payment.WebApi.csproj", "{04350C01-5FA0-488E-A524-60A9C56319E1}"
EndProject
Project("{2150E333-8FDC-42A3-9474-1A3956D46DE8}") = "Core", "Core", "{1811B961-FC1D-35D3-2C21-4F9B7FA99A9E}"
EndProject
Project("{FAE04EC0-301F-11D3-BF4B-00C04F79EFBC}") = "SkySync.Services.Notification.Domain", "src\Services\Notification\Core\SkySync.Services.Notification.Domain\SkySync.Services.Notification.Domain.csproj", "{6B5A494B-A963-446F-A922-292CCAEFFDAB}"
EndProject
Project("{FAE04EC0-301F-11D3-BF4B-00C04F79EFBC}") = "SkySync.Services.Notification.Application", "src\Services\Notification\Core\SkySync.Services.Notification.Application\SkySync.Services.Notification.Application.csproj", "{0346E695-AF49-4289-8A33-F78F200CFC3F}"
EndProject
Project("{2150E333-8FDC-42A3-9474-1A3956D46DE8}") = "Infrastructure", "Infrastructure", "{1629848D-8E76-EE2B-7B29-5BDEE1172420}"
EndProject
Project("{FAE04EC0-301F-11D3-BF4B-00C04F79EFBC}") = "SkySync.Services.Notification.Infrastructure", "src\Services\Notification\Infrastructure\SkySync.Services.Notification.Infrastructure\SkySync.Services.Notification.Infrastructure.csproj", "{4FC419CA-D30D-4084-BBB5-5A6A890FC705}"
EndProject
Project("{FAE04EC0-301F-11D3-BF4B-00C04F79EFBC}") = "SkySync.Services.Notification.Persistence", "src\Services\Notification\Infrastructure\SkySync.Services.Notification.Persistence\SkySync.Services.Notification.Persistence.csproj", "{559997F8-0D80-4CF7-837E-FFA46B5D479F}"
EndProject
Project("{2150E333-8FDC-42A3-9474-1A3956D46DE8}") = "Presentation", "Presentation", "{4C664155-BBF2-7B66-009E-664A85640F3E}"
EndProject
Project("{FAE04EC0-301F-11D3-BF4B-00C04F79EFBC}") = "SkySync.Services.Notification.WebApi", "src\Services\Notification\Presentation\SkySync.Services.Notification.WebApi\SkySync.Services.Notification.WebApi.csproj", "{0BC5B0A7-5A08-4A04-B8B5-FAADDFD9FDFC}"
EndProject
Project("{FAE04EC0-301F-11D3-BF4B-00C04F79EFBC}") = "SkySync.Workers.Outbox", "src\Workers\SkySync.Workers.Outbox\SkySync.Workers.Outbox.csproj", "{A3D2BDD3-AE20-4F6E-B60C-02C4C202D483}"
EndProject
Project("{FAE04EC0-301F-11D3-BF4B-00C04F79EFBC}") = "SkySync.Workers.EventStore", "src\Workers\SkySync.Workers.EventStore\SkySync.Workers.EventStore.csproj", "{0767D1A0-A719-43B0-84C5-E0302E06C910}"
EndProject
Project("{FAE04EC0-301F-11D3-BF4B-00C04F79EFBC}") = "SkySync.Gateway", "src\Infrastructure\SkySync.Gateway\SkySync.Gateway.csproj", "{DED44D97-0B34-4E26-8E1B-1B60F0798EDE}"
EndProject
Project("{FAE04EC0-301F-11D3-BF4B-00C04F79EFBC}") = "SkySync.Shared", "src\Infrastructure\SkySync.Shared\SkySync.Shared.csproj", "{A101F850-4448-4E9E-B3D1-3A512C52E0B5}"
EndProject
Project("{FAE04EC0-301F-11D3-BF4B-00C04F79EFBC}") = "SkySync.SagaStateMachine", "src\Infrastructure\SkySync.SagaStateMachine\SkySync.SagaStateMachine.csproj", "{B94B2DED-E9AF-434B-82CE-DD2E599C9B62}"
EndProject
Global
	GlobalSection(SolutionConfigurationPlatforms) = preSolution
		Debug|Any CPU = Debug|Any CPU
		Debug|x64 = Debug|x64
		Debug|x86 = Debug|x86
		Release|Any CPU = Release|Any CPU
		Release|x64 = Release|x64
		Release|x86 = Release|x86
	EndGlobalSection
	GlobalSection(ProjectConfigurationPlatforms) = postSolution
		{7F8B535C-D339-400D-B700-80B470C7F351}.Debug|Any CPU.ActiveCfg = Debug|Any CPU
		{7F8B535C-D339-400D-B700-80B470C7F351}.Debug|Any CPU.Build.0 = Debug|Any CPU
		{7F8B535C-D339-400D-B700-80B470C7F351}.Debug|x64.ActiveCfg = Debug|Any CPU
		{7F8B535C-D339-400D-B700-80B470C7F351}.Debug|x64.Build.0 = Debug|Any CPU
		{7F8B535C-D339-400D-B700-80B470C7F351}.Debug|x86.ActiveCfg = Debug|Any CPU
		{7F8B535C-D339-400D-B700-80B470C7F351}.Debug|x86.Build.0 = Debug|Any CPU
		{7F8B535C-D339-400D-B700-80B470C7F351}.Release|Any CPU.ActiveCfg = Release|Any CPU
		{7F8B535C-D339-400D-B700-80B470C7F351}.Release|Any CPU.Build.0 = Release|Any CPU
		{7F8B535C-D339-400D-B700-80B470C7F351}.Release|x64.ActiveCfg = Release|Any CPU
		{7F8B535C-D339-400D-B700-80B470C7F351}.Release|x64.Build.0 = Release|Any CPU
		{7F8B535C-D339-400D-B700-80B470C7F351}.Release|x86.ActiveCfg = Release|Any CPU
		{7F8B535C-D339-400D-B700-80B470C7F351}.Release|x86.Build.0 = Release|Any CPU
		{A012CDF1-8C1F-4605-A33C-24BE63BE036A}.Debug|Any CPU.ActiveCfg = Debug|Any CPU
		{A012CDF1-8C1F-4605-A33C-24BE63BE036A}.Debug|Any CPU.Build.0 = Debug|Any CPU
		{A012CDF1-8C1F-4605-A33C-24BE63BE036A}.Debug|x64.ActiveCfg = Debug|Any CPU
		{A012CDF1-8C1F-4605-A33C-24BE63BE036A}.Debug|x64.Build.0 = Debug|Any CPU
		{A012CDF1-8C1F-4605-A33C-24BE63BE036A}.Debug|x86.ActiveCfg = Debug|Any CPU
		{A012CDF1-8C1F-4605-A33C-24BE63BE036A}.Debug|x86.Build.0 = Debug|Any CPU
		{A012CDF1-8C1F-4605-A33C-24BE63BE036A}.Release|Any CPU.ActiveCfg = Release|Any CPU
		{A012CDF1-8C1F-4605-A33C-24BE63BE036A}.Release|Any CPU.Build.0 = Release|Any CPU
		{A012CDF1-8C1F-4605-A33C-24BE63BE036A}.Release|x64.ActiveCfg = Release|Any CPU
		{A012CDF1-8C1F-4605-A33C-24BE63BE036A}.Release|x64.Build.0 = Release|Any CPU
		{A012CDF1-8C1F-4605-A33C-24BE63BE036A}.Release|x86.ActiveCfg = Release|Any CPU
		{A012CDF1-8C1F-4605-A33C-24BE63BE036A}.Release|x86.Build.0 = Release|Any CPU
		{9D85A745-5B03-429B-86CF-9DDFDCCDFB9B}.Debug|Any CPU.ActiveCfg = Debug|Any CPU
		{9D85A745-5B03-429B-86CF-9DDFDCCDFB9B}.Debug|Any CPU.Build.0 = Debug|Any CPU
		{9D85A745-5B03-429B-86CF-9DDFDCCDFB9B}.Debug|x64.ActiveCfg = Debug|Any CPU
		{9D85A745-5B03-429B-86CF-9DDFDCCDFB9B}.Debug|x64.Build.0 = Debug|Any CPU
		{9D85A745-5B03-429B-86CF-9DDFDCCDFB9B}.Debug|x86.ActiveCfg = Debug|Any CPU
		{9D85A745-5B03-429B-86CF-9DDFDCCDFB9B}.Debug|x86.Build.0 = Debug|Any CPU
		{9D85A745-5B03-429B-86CF-9DDFDCCDFB9B}.Release|Any CPU.ActiveCfg = Release|Any CPU
		{9D85A745-5B03-429B-86CF-9DDFDCCDFB9B}.Release|Any CPU.Build.0 = Release|Any CPU
		{9D85A745-5B03-429B-86CF-9DDFDCCDFB9B}.Release|x64.ActiveCfg = Release|Any CPU
		{9D85A745-5B03-429B-86CF-9DDFDCCDFB9B}.Release|x64.Build.0 = Release|Any CPU
		{9D85A745-5B03-429B-86CF-9DDFDCCDFB9B}.Release|x86.ActiveCfg = Release|Any CPU
		{9D85A745-5B03-429B-86CF-9DDFDCCDFB9B}.Release|x86.Build.0 = Release|Any CPU
		{EEDEB257-66FA-44F2-A7A0-10DD8110D520}.Debug|Any CPU.ActiveCfg = Debug|Any CPU
		{EEDEB257-66FA-44F2-A7A0-10DD8110D520}.Debug|Any CPU.Build.0 = Debug|Any CPU
		{EEDEB257-66FA-44F2-A7A0-10DD8110D520}.Debug|x64.ActiveCfg = Debug|Any CPU
		{EEDEB257-66FA-44F2-A7A0-10DD8110D520}.Debug|x64.Build.0 = Debug|Any CPU
		{EEDEB257-66FA-44F2-A7A0-10DD8110D520}.Debug|x86.ActiveCfg = Debug|Any CPU
		{EEDEB257-66FA-44F2-A7A0-10DD8110D520}.Debug|x86.Build.0 = Debug|Any CPU
		{EEDEB257-66FA-44F2-A7A0-10DD8110D520}.Release|Any CPU.ActiveCfg = Release|Any CPU
		{EEDEB257-66FA-44F2-A7A0-10DD8110D520}.Release|Any CPU.Build.0 = Release|Any CPU
		{EEDEB257-66FA-44F2-A7A0-10DD8110D520}.Release|x64.ActiveCfg = Release|Any CPU
		{EEDEB257-66FA-44F2-A7A0-10DD8110D520}.Release|x64.Build.0 = Release|Any CPU
		{EEDEB257-66FA-44F2-A7A0-10DD8110D520}.Release|x86.ActiveCfg = Release|Any CPU
		{EEDEB257-66FA-44F2-A7A0-10DD8110D520}.Release|x86.Build.0 = Release|Any CPU
		{FB8A3B68-062C-41EA-99F3-C52F320DCE0C}.Debug|Any CPU.ActiveCfg = Debug|Any CPU
		{FB8A3B68-062C-41EA-99F3-C52F320DCE0C}.Debug|Any CPU.Build.0 = Debug|Any CPU
		{FB8A3B68-062C-41EA-99F3-C52F320DCE0C}.Debug|x64.ActiveCfg = Debug|Any CPU
		{FB8A3B68-062C-41EA-99F3-C52F320DCE0C}.Debug|x64.Build.0 = Debug|Any CPU
		{FB8A3B68-062C-41EA-99F3-C52F320DCE0C}.Debug|x86.ActiveCfg = Debug|Any CPU
		{FB8A3B68-062C-41EA-99F3-C52F320DCE0C}.Debug|x86.Build.0 = Debug|Any CPU
		{FB8A3B68-062C-41EA-99F3-C52F320DCE0C}.Release|Any CPU.ActiveCfg = Release|Any CPU
		{FB8A3B68-062C-41EA-99F3-C52F320DCE0C}.Release|Any CPU.Build.0 = Release|Any CPU
		{FB8A3B68-062C-41EA-99F3-C52F320DCE0C}.Release|x64.ActiveCfg = Release|Any CPU
		{FB8A3B68-062C-41EA-99F3-C52F320DCE0C}.Release|x64.Build.0 = Release|Any CPU
		{FB8A3B68-062C-41EA-99F3-C52F320DCE0C}.Release|x86.ActiveCfg = Release|Any CPU
		{FB8A3B68-062C-41EA-99F3-C52F320DCE0C}.Release|x86.Build.0 = Release|Any CPU
		{324D1061-C17C-4A0D-A1EC-DF24324D4543}.Debug|Any CPU.ActiveCfg = Debug|Any CPU
		{324D1061-C17C-4A0D-A1EC-DF24324D4543}.Debug|Any CPU.Build.0 = Debug|Any CPU
		{324D1061-C17C-4A0D-A1EC-DF24324D4543}.Debug|x64.ActiveCfg = Debug|Any CPU
		{324D1061-C17C-4A0D-A1EC-DF24324D4543}.Debug|x64.Build.0 = Debug|Any CPU
		{324D1061-C17C-4A0D-A1EC-DF24324D4543}.Debug|x86.ActiveCfg = Debug|Any CPU
		{324D1061-C17C-4A0D-A1EC-DF24324D4543}.Debug|x86.Build.0 = Debug|Any CPU
		{324D1061-C17C-4A0D-A1EC-DF24324D4543}.Release|Any CPU.ActiveCfg = Release|Any CPU
		{324D1061-C17C-4A0D-A1EC-DF24324D4543}.Release|Any CPU.Build.0 = Release|Any CPU
		{324D1061-C17C-4A0D-A1EC-DF24324D4543}.Release|x64.ActiveCfg = Release|Any CPU
		{324D1061-C17C-4A0D-A1EC-DF24324D4543}.Release|x64.Build.0 = Release|Any CPU
		{324D1061-C17C-4A0D-A1EC-DF24324D4543}.Release|x86.ActiveCfg = Release|Any CPU
		{324D1061-C17C-4A0D-A1EC-DF24324D4543}.Release|x86.Build.0 = Release|Any CPU
		{1098DC58-B8E1-4406-BACB-319CFEDC5032}.Debug|Any CPU.ActiveCfg = Debug|Any CPU
		{1098DC58-B8E1-4406-BACB-319CFEDC5032}.Debug|Any CPU.Build.0 = Debug|Any CPU
		{1098DC58-B8E1-4406-BACB-319CFEDC5032}.Debug|x64.ActiveCfg = Debug|Any CPU
		{1098DC58-B8E1-4406-BACB-319CFEDC5032}.Debug|x64.Build.0 = Debug|Any CPU
		{1098DC58-B8E1-4406-BACB-319CFEDC5032}.Debug|x86.ActiveCfg = Debug|Any CPU
		{1098DC58-B8E1-4406-BACB-319CFEDC5032}.Debug|x86.Build.0 = Debug|Any CPU
		{1098DC58-B8E1-4406-BACB-319CFEDC5032}.Release|Any CPU.ActiveCfg = Release|Any CPU
		{1098DC58-B8E1-4406-BACB-319CFEDC5032}.Release|Any CPU.Build.0 = Release|Any CPU
		{1098DC58-B8E1-4406-BACB-319CFEDC5032}.Release|x64.ActiveCfg = Release|Any CPU
		{1098DC58-B8E1-4406-BACB-319CFEDC5032}.Release|x64.Build.0 = Release|Any CPU
		{1098DC58-B8E1-4406-BACB-319CFEDC5032}.Release|x86.ActiveCfg = Release|Any CPU
		{1098DC58-B8E1-4406-BACB-319CFEDC5032}.Release|x86.Build.0 = Release|Any CPU
		{F6B0E1A5-4408-45BF-931D-6333DF6668ED}.Debug|Any CPU.ActiveCfg = Debug|Any CPU
		{F6B0E1A5-4408-45BF-931D-6333DF6668ED}.Debug|Any CPU.Build.0 = Debug|Any CPU
		{F6B0E1A5-4408-45BF-931D-6333DF6668ED}.Debug|x64.ActiveCfg = Debug|Any CPU
		{F6B0E1A5-4408-45BF-931D-6333DF6668ED}.Debug|x64.Build.0 = Debug|Any CPU
		{F6B0E1A5-4408-45BF-931D-6333DF6668ED}.Debug|x86.ActiveCfg = Debug|Any CPU
		{F6B0E1A5-4408-45BF-931D-6333DF6668ED}.Debug|x86.Build.0 = Debug|Any CPU
		{F6B0E1A5-4408-45BF-931D-6333DF6668ED}.Release|Any CPU.ActiveCfg = Release|Any CPU
		{F6B0E1A5-4408-45BF-931D-6333DF6668ED}.Release|Any CPU.Build.0 = Release|Any CPU
		{F6B0E1A5-4408-45BF-931D-6333DF6668ED}.Release|x64.ActiveCfg = Release|Any CPU
		{F6B0E1A5-4408-45BF-931D-6333DF6668ED}.Release|x64.Build.0 = Release|Any CPU
		{F6B0E1A5-4408-45BF-931D-6333DF6668ED}.Release|x86.ActiveCfg = Release|Any CPU
		{F6B0E1A5-4408-45BF-931D-6333DF6668ED}.Release|x86.Build.0 = Release|Any CPU
		{8DD599C9-07EF-43AB-9231-0D1638982F69}.Debug|Any CPU.ActiveCfg = Debug|Any CPU
		{8DD599C9-07EF-43AB-9231-0D1638982F69}.Debug|Any CPU.Build.0 = Debug|Any CPU
		{8DD599C9-07EF-43AB-9231-0D1638982F69}.Debug|x64.ActiveCfg = Debug|Any CPU
		{8DD599C9-07EF-43AB-9231-0D1638982F69}.Debug|x64.Build.0 = Debug|Any CPU
		{8DD599C9-07EF-43AB-9231-0D1638982F69}.Debug|x86.ActiveCfg = Debug|Any CPU
		{8DD599C9-07EF-43AB-9231-0D1638982F69}.Debug|x86.Build.0 = Debug|Any CPU
		{8DD599C9-07EF-43AB-9231-0D1638982F69}.Release|Any CPU.ActiveCfg = Release|Any CPU
		{8DD599C9-07EF-43AB-9231-0D1638982F69}.Release|Any CPU.Build.0 = Release|Any CPU
		{8DD599C9-07EF-43AB-9231-0D1638982F69}.Release|x64.ActiveCfg = Release|Any CPU
		{8DD599C9-07EF-43AB-9231-0D1638982F69}.Release|x64.Build.0 = Release|Any CPU
		{8DD599C9-07EF-43AB-9231-0D1638982F69}.Release|x86.ActiveCfg = Release|Any CPU
		{8DD599C9-07EF-43AB-9231-0D1638982F69}.Release|x86.Build.0 = Release|Any CPU
		{C0F3B18D-F8C8-4DB3-977D-2D6B4BD079C3}.Debug|Any CPU.ActiveCfg = Debug|Any CPU
		{C0F3B18D-F8C8-4DB3-977D-2D6B4BD079C3}.Debug|Any CPU.Build.0 = Debug|Any CPU
		{C0F3B18D-F8C8-4DB3-977D-2D6B4BD079C3}.Debug|x64.ActiveCfg = Debug|Any CPU
		{C0F3B18D-F8C8-4DB3-977D-2D6B4BD079C3}.Debug|x64.Build.0 = Debug|Any CPU
		{C0F3B18D-F8C8-4DB3-977D-2D6B4BD079C3}.Debug|x86.ActiveCfg = Debug|Any CPU
		{C0F3B18D-F8C8-4DB3-977D-2D6B4BD079C3}.Debug|x86.Build.0 = Debug|Any CPU
		{C0F3B18D-F8C8-4DB3-977D-2D6B4BD079C3}.Release|Any CPU.ActiveCfg = Release|Any CPU
		{C0F3B18D-F8C8-4DB3-977D-2D6B4BD079C3}.Release|Any CPU.Build.0 = Release|Any CPU
		{C0F3B18D-F8C8-4DB3-977D-2D6B4BD079C3}.Release|x64.ActiveCfg = Release|Any CPU
		{C0F3B18D-F8C8-4DB3-977D-2D6B4BD079C3}.Release|x64.Build.0 = Release|Any CPU
		{C0F3B18D-F8C8-4DB3-977D-2D6B4BD079C3}.Release|x86.ActiveCfg = Release|Any CPU
		{C0F3B18D-F8C8-4DB3-977D-2D6B4BD079C3}.Release|x86.Build.0 = Release|Any CPU
		{9161EE79-0577-443E-A72F-BF1B0ADEFF05}.Debug|Any CPU.ActiveCfg = Debug|Any CPU
		{9161EE79-0577-443E-A72F-BF1B0ADEFF05}.Debug|Any CPU.Build.0 = Debug|Any CPU
		{9161EE79-0577-443E-A72F-BF1B0ADEFF05}.Debug|x64.ActiveCfg = Debug|Any CPU
		{9161EE79-0577-443E-A72F-BF1B0ADEFF05}.Debug|x64.Build.0 = Debug|Any CPU
		{9161EE79-0577-443E-A72F-BF1B0ADEFF05}.Debug|x86.ActiveCfg = Debug|Any CPU
		{9161EE79-0577-443E-A72F-BF1B0ADEFF05}.Debug|x86.Build.0 = Debug|Any CPU
		{9161EE79-0577-443E-A72F-BF1B0ADEFF05}.Release|Any CPU.ActiveCfg = Release|Any CPU
		{9161EE79-0577-443E-A72F-BF1B0ADEFF05}.Release|Any CPU.Build.0 = Release|Any CPU
		{9161EE79-0577-443E-A72F-BF1B0ADEFF05}.Release|x64.ActiveCfg = Release|Any CPU
		{9161EE79-0577-443E-A72F-BF1B0ADEFF05}.Release|x64.Build.0 = Release|Any CPU
		{9161EE79-0577-443E-A72F-BF1B0ADEFF05}.Release|x86.ActiveCfg = Release|Any CPU
		{9161EE79-0577-443E-A72F-BF1B0ADEFF05}.Release|x86.Build.0 = Release|Any CPU
		{9D2C8C01-E841-4E6F-BF0D-1697AC7ECD12}.Debug|Any CPU.ActiveCfg = Debug|Any CPU
		{9D2C8C01-E841-4E6F-BF0D-1697AC7ECD12}.Debug|Any CPU.Build.0 = Debug|Any CPU
		{9D2C8C01-E841-4E6F-BF0D-1697AC7ECD12}.Debug|x64.ActiveCfg = Debug|Any CPU
		{9D2C8C01-E841-4E6F-BF0D-1697AC7ECD12}.Debug|x64.Build.0 = Debug|Any CPU
		{9D2C8C01-E841-4E6F-BF0D-1697AC7ECD12}.Debug|x86.ActiveCfg = Debug|Any CPU
		{9D2C8C01-E841-4E6F-BF0D-1697AC7ECD12}.Debug|x86.Build.0 = Debug|Any CPU
		{9D2C8C01-E841-4E6F-BF0D-1697AC7ECD12}.Release|Any CPU.ActiveCfg = Release|Any CPU
		{9D2C8C01-E841-4E6F-BF0D-1697AC7ECD12}.Release|Any CPU.Build.0 = Release|Any CPU
		{9D2C8C01-E841-4E6F-BF0D-1697AC7ECD12}.Release|x64.ActiveCfg = Release|Any CPU
		{9D2C8C01-E841-4E6F-BF0D-1697AC7ECD12}.Release|x64.Build.0 = Release|Any CPU
		{9D2C8C01-E841-4E6F-BF0D-1697AC7ECD12}.Release|x86.ActiveCfg = Release|Any CPU
		{9D2C8C01-E841-4E6F-BF0D-1697AC7ECD12}.Release|x86.Build.0 = Release|Any CPU
		{A365D5AF-49D3-4ABE-BB1B-D1A201629EC4}.Debug|Any CPU.ActiveCfg = Debug|Any CPU
		{A365D5AF-49D3-4ABE-BB1B-D1A201629EC4}.Debug|Any CPU.Build.0 = Debug|Any CPU
		{A365D5AF-49D3-4ABE-BB1B-D1A201629EC4}.Debug|x64.ActiveCfg = Debug|Any CPU
		{A365D5AF-49D3-4ABE-BB1B-D1A201629EC4}.Debug|x64.Build.0 = Debug|Any CPU
		{A365D5AF-49D3-4ABE-BB1B-D1A201629EC4}.Debug|x86.ActiveCfg = Debug|Any CPU
		{A365D5AF-49D3-4ABE-BB1B-D1A201629EC4}.Debug|x86.Build.0 = Debug|Any CPU
		{A365D5AF-49D3-4ABE-BB1B-D1A201629EC4}.Release|Any CPU.ActiveCfg = Release|Any CPU
		{A365D5AF-49D3-4ABE-BB1B-D1A201629EC4}.Release|Any CPU.Build.0 = Release|Any CPU
		{A365D5AF-49D3-4ABE-BB1B-D1A201629EC4}.Release|x64.ActiveCfg = Release|Any CPU
		{A365D5AF-49D3-4ABE-BB1B-D1A201629EC4}.Release|x64.Build.0 = Release|Any CPU
		{A365D5AF-49D3-4ABE-BB1B-D1A201629EC4}.Release|x86.ActiveCfg = Release|Any CPU
		{A365D5AF-49D3-4ABE-BB1B-D1A201629EC4}.Release|x86.Build.0 = Release|Any CPU
		{162BC7D9-14AD-4D56-9050-BF84397A5720}.Debug|Any CPU.ActiveCfg = Debug|Any CPU
		{162BC7D9-14AD-4D56-9050-BF84397A5720}.Debug|Any CPU.Build.0 = Debug|Any CPU
		{162BC7D9-14AD-4D56-9050-BF84397A5720}.Debug|x64.ActiveCfg = Debug|Any CPU
		{162BC7D9-14AD-4D56-9050-BF84397A5720}.Debug|x64.Build.0 = Debug|Any CPU
		{162BC7D9-14AD-4D56-9050-BF84397A5720}.Debug|x86.ActiveCfg = Debug|Any CPU
		{162BC7D9-14AD-4D56-9050-BF84397A5720}.Debug|x86.Build.0 = Debug|Any CPU
		{162BC7D9-14AD-4D56-9050-BF84397A5720}.Release|Any CPU.ActiveCfg = Release|Any CPU
		{162BC7D9-14AD-4D56-9050-BF84397A5720}.Release|Any CPU.Build.0 = Release|Any CPU
		{162BC7D9-14AD-4D56-9050-BF84397A5720}.Release|x64.ActiveCfg = Release|Any CPU
		{162BC7D9-14AD-4D56-9050-BF84397A5720}.Release|x64.Build.0 = Release|Any CPU
		{162BC7D9-14AD-4D56-9050-BF84397A5720}.Release|x86.ActiveCfg = Release|Any CPU
		{162BC7D9-14AD-4D56-9050-BF84397A5720}.Release|x86.Build.0 = Release|Any CPU
		{04350C01-5FA0-488E-A524-60A9C56319E1}.Debug|Any CPU.ActiveCfg = Debug|Any CPU
		{04350C01-5FA0-488E-A524-60A9C56319E1}.Debug|Any CPU.Build.0 = Debug|Any CPU
		{04350C01-5FA0-488E-A524-60A9C56319E1}.Debug|x64.ActiveCfg = Debug|Any CPU
		{04350C01-5FA0-488E-A524-60A9C56319E1}.Debug|x64.Build.0 = Debug|Any CPU
		{04350C01-5FA0-488E-A524-60A9C56319E1}.Debug|x86.ActiveCfg = Debug|Any CPU
		{04350C01-5FA0-488E-A524-60A9C56319E1}.Debug|x86.Build.0 = Debug|Any CPU
		{04350C01-5FA0-488E-A524-60A9C56319E1}.Release|Any CPU.ActiveCfg = Release|Any CPU
		{04350C01-5FA0-488E-A524-60A9C56319E1}.Release|Any CPU.Build.0 = Release|Any CPU
		{04350C01-5FA0-488E-A524-60A9C56319E1}.Release|x64.ActiveCfg = Release|Any CPU
		{04350C01-5FA0-488E-A524-60A9C56319E1}.Release|x64.Build.0 = Release|Any CPU
		{04350C01-5FA0-488E-A524-60A9C56319E1}.Release|x86.ActiveCfg = Release|Any CPU
		{04350C01-5FA0-488E-A524-60A9C56319E1}.Release|x86.Build.0 = Release|Any CPU
		{6B5A494B-A963-446F-A922-292CCAEFFDAB}.Debug|Any CPU.ActiveCfg = Debug|Any CPU
		{6B5A494B-A963-446F-A922-292CCAEFFDAB}.Debug|Any CPU.Build.0 = Debug|Any CPU
		{6B5A494B-A963-446F-A922-292CCAEFFDAB}.Debug|x64.ActiveCfg = Debug|Any CPU
		{6B5A494B-A963-446F-A922-292CCAEFFDAB}.Debug|x64.Build.0 = Debug|Any CPU
		{6B5A494B-A963-446F-A922-292CCAEFFDAB}.Debug|x86.ActiveCfg = Debug|Any CPU
		{6B5A494B-A963-446F-A922-292CCAEFFDAB}.Debug|x86.Build.0 = Debug|Any CPU
		{6B5A494B-A963-446F-A922-292CCAEFFDAB}.Release|Any CPU.ActiveCfg = Release|Any CPU
		{6B5A494B-A963-446F-A922-292CCAEFFDAB}.Release|Any CPU.Build.0 = Release|Any CPU
		{6B5A494B-A963-446F-A922-292CCAEFFDAB}.Release|x64.ActiveCfg = Release|Any CPU
		{6B5A494B-A963-446F-A922-292CCAEFFDAB}.Release|x64.Build.0 = Release|Any CPU
		{6B5A494B-A963-446F-A922-292CCAEFFDAB}.Release|x86.ActiveCfg = Release|Any CPU
		{6B5A494B-A963-446F-A922-292CCAEFFDAB}.Release|x86.Build.0 = Release|Any CPU
		{0346E695-AF49-4289-8A33-F78F200CFC3F}.Debug|Any CPU.ActiveCfg = Debug|Any CPU
		{0346E695-AF49-4289-8A33-F78F200CFC3F}.Debug|Any CPU.Build.0 = Debug|Any CPU
		{0346E695-AF49-4289-8A33-F78F200CFC3F}.Debug|x64.ActiveCfg = Debug|Any CPU
		{0346E695-AF49-4289-8A33-F78F200CFC3F}.Debug|x64.Build.0 = Debug|Any CPU
		{0346E695-AF49-4289-8A33-F78F200CFC3F}.Debug|x86.ActiveCfg = Debug|Any CPU
		{0346E695-AF49-4289-8A33-F78F200CFC3F}.Debug|x86.Build.0 = Debug|Any CPU
		{0346E695-AF49-4289-8A33-F78F200CFC3F}.Release|Any CPU.ActiveCfg = Release|Any CPU
		{0346E695-AF49-4289-8A33-F78F200CFC3F}.Release|Any CPU.Build.0 = Release|Any CPU
		{0346E695-AF49-4289-8A33-F78F200CFC3F}.Release|x64.ActiveCfg = Release|Any CPU
		{0346E695-AF49-4289-8A33-F78F200CFC3F}.Release|x64.Build.0 = Release|Any CPU
		{0346E695-AF49-4289-8A33-F78F200CFC3F}.Release|x86.ActiveCfg = Release|Any CPU
		{0346E695-AF49-4289-8A33-F78F200CFC3F}.Release|x86.Build.0 = Release|Any CPU
		{4FC419CA-D30D-4084-BBB5-5A6A890FC705}.Debug|Any CPU.ActiveCfg = Debug|Any CPU
		{4FC419CA-D30D-4084-BBB5-5A6A890FC705}.Debug|Any CPU.Build.0 = Debug|Any CPU
		{4FC419CA-D30D-4084-BBB5-5A6A890FC705}.Debug|x64.ActiveCfg = Debug|Any CPU
		{4FC419CA-D30D-4084-BBB5-5A6A890FC705}.Debug|x64.Build.0 = Debug|Any CPU
		{4FC419CA-D30D-4084-BBB5-5A6A890FC705}.Debug|x86.ActiveCfg = Debug|Any CPU
		{4FC419CA-D30D-4084-BBB5-5A6A890FC705}.Debug|x86.Build.0 = Debug|Any CPU
		{4FC419CA-D30D-4084-BBB5-5A6A890FC705}.Release|Any CPU.ActiveCfg = Release|Any CPU
		{4FC419CA-D30D-4084-BBB5-5A6A890FC705}.Release|Any CPU.Build.0 = Release|Any CPU
		{4FC419CA-D30D-4084-BBB5-5A6A890FC705}.Release|x64.ActiveCfg = Release|Any CPU
		{4FC419CA-D30D-4084-BBB5-5A6A890FC705}.Release|x64.Build.0 = Release|Any CPU
		{4FC419CA-D30D-4084-BBB5-5A6A890FC705}.Release|x86.ActiveCfg = Release|Any CPU
		{4FC419CA-D30D-4084-BBB5-5A6A890FC705}.Release|x86.Build.0 = Release|Any CPU
		{559997F8-0D80-4CF7-837E-FFA46B5D479F}.Debug|Any CPU.ActiveCfg = Debug|Any CPU
		{559997F8-0D80-4CF7-837E-FFA46B5D479F}.Debug|Any CPU.Build.0 = Debug|Any CPU
		{559997F8-0D80-4CF7-837E-FFA46B5D479F}.Debug|x64.ActiveCfg = Debug|Any CPU
		{559997F8-0D80-4CF7-837E-FFA46B5D479F}.Debug|x64.Build.0 = Debug|Any CPU
		{559997F8-0D80-4CF7-837E-FFA46B5D479F}.Debug|x86.ActiveCfg = Debug|Any CPU
		{559997F8-0D80-4CF7-837E-FFA46B5D479F}.Debug|x86.Build.0 = Debug|Any CPU
		{559997F8-0D80-4CF7-837E-FFA46B5D479F}.Release|Any CPU.ActiveCfg = Release|Any CPU
		{559997F8-0D80-4CF7-837E-FFA46B5D479F}.Release|Any CPU.Build.0 = Release|Any CPU
		{559997F8-0D80-4CF7-837E-FFA46B5D479F}.Release|x64.ActiveCfg = Release|Any CPU
		{559997F8-0D80-4CF7-837E-FFA46B5D479F}.Release|x64.Build.0 = Release|Any CPU
		{559997F8-0D80-4CF7-837E-FFA46B5D479F}.Release|x86.ActiveCfg = Release|Any CPU
		{559997F8-0D80-4CF7-837E-FFA46B5D479F}.Release|x86.Build.0 = Release|Any CPU
		{0BC5B0A7-5A08-4A04-B8B5-FAADDFD9FDFC}.Debug|Any CPU.ActiveCfg = Debug|Any CPU
		{0BC5B0A7-5A08-4A04-B8B5-FAADDFD9FDFC}.Debug|Any CPU.Build.0 = Debug|Any CPU
		{0BC5B0A7-5A08-4A04-B8B5-FAADDFD9FDFC}.Debug|x64.ActiveCfg = Debug|Any CPU
		{0BC5B0A7-5A08-4A04-B8B5-FAADDFD9FDFC}.Debug|x64.Build.0 = Debug|Any CPU
		{0BC5B0A7-5A08-4A04-B8B5-FAADDFD9FDFC}.Debug|x86.ActiveCfg = Debug|Any CPU
		{0BC5B0A7-5A08-4A04-B8B5-FAADDFD9FDFC}.Debug|x86.Build.0 = Debug|Any CPU
		{0BC5B0A7-5A08-4A04-B8B5-FAADDFD9FDFC}.Release|Any CPU.ActiveCfg = Release|Any CPU
		{0BC5B0A7-5A08-4A04-B8B5-FAADDFD9FDFC}.Release|Any CPU.Build.0 = Release|Any CPU
		{0BC5B0A7-5A08-4A04-B8B5-FAADDFD9FDFC}.Release|x64.ActiveCfg = Release|Any CPU
		{0BC5B0A7-5A08-4A04-B8B5-FAADDFD9FDFC}.Release|x64.Build.0 = Release|Any CPU
		{0BC5B0A7-5A08-4A04-B8B5-FAADDFD9FDFC}.Release|x86.ActiveCfg = Release|Any CPU
		{0BC5B0A7-5A08-4A04-B8B5-FAADDFD9FDFC}.Release|x86.Build.0 = Release|Any CPU
		{A3D2BDD3-AE20-4F6E-B60C-02C4C202D483}.Debug|Any CPU.ActiveCfg = Debug|Any CPU
		{A3D2BDD3-AE20-4F6E-B60C-02C4C202D483}.Debug|Any CPU.Build.0 = Debug|Any CPU
		{A3D2BDD3-AE20-4F6E-B60C-02C4C202D483}.Debug|x64.ActiveCfg = Debug|Any CPU
		{A3D2BDD3-AE20-4F6E-B60C-02C4C202D483}.Debug|x64.Build.0 = Debug|Any CPU
		{A3D2BDD3-AE20-4F6E-B60C-02C4C202D483}.Debug|x86.ActiveCfg = Debug|Any CPU
		{A3D2BDD3-AE20-4F6E-B60C-02C4C202D483}.Debug|x86.Build.0 = Debug|Any CPU
		{A3D2BDD3-AE20-4F6E-B60C-02C4C202D483}.Release|Any CPU.ActiveCfg = Release|Any CPU
		{A3D2BDD3-AE20-4F6E-B60C-02C4C202D483}.Release|Any CPU.Build.0 = Release|Any CPU
		{A3D2BDD3-AE20-4F6E-B60C-02C4C202D483}.Release|x64.ActiveCfg = Release|Any CPU
		{A3D2BDD3-AE20-4F6E-B60C-02C4C202D483}.Release|x64.Build.0 = Release|Any CPU
		{A3D2BDD3-AE20-4F6E-B60C-02C4C202D483}.Release|x86.ActiveCfg = Release|Any CPU
		{A3D2BDD3-AE20-4F6E-B60C-02C4C202D483}.Release|x86.Build.0 = Release|Any CPU
		{0767D1A0-A719-43B0-84C5-E0302E06C910}.Debug|Any CPU.ActiveCfg = Debug|Any CPU
		{0767D1A0-A719-43B0-84C5-E0302E06C910}.Debug|Any CPU.Build.0 = Debug|Any CPU
		{0767D1A0-A719-43B0-84C5-E0302E06C910}.Debug|x64.ActiveCfg = Debug|Any CPU
		{0767D1A0-A719-43B0-84C5-E0302E06C910}.Debug|x64.Build.0 = Debug|Any CPU
		{0767D1A0-A719-43B0-84C5-E0302E06C910}.Debug|x86.ActiveCfg = Debug|Any CPU
		{0767D1A0-A719-43B0-84C5-E0302E06C910}.Debug|x86.Build.0 = Debug|Any CPU
		{0767D1A0-A719-43B0-84C5-E0302E06C910}.Release|Any CPU.ActiveCfg = Release|Any CPU
		{0767D1A0-A719-43B0-84C5-E0302E06C910}.Release|Any CPU.Build.0 = Release|Any CPU
		{0767D1A0-A719-43B0-84C5-E0302E06C910}.Release|x64.ActiveCfg = Release|Any CPU
		{0767D1A0-A719-43B0-84C5-E0302E06C910}.Release|x64.Build.0 = Release|Any CPU
		{0767D1A0-A719-43B0-84C5-E0302E06C910}.Release|x86.ActiveCfg = Release|Any CPU
		{0767D1A0-A719-43B0-84C5-E0302E06C910}.Release|x86.Build.0 = Release|Any CPU
		{DED44D97-0B34-4E26-8E1B-1B60F0798EDE}.Debug|Any CPU.ActiveCfg = Debug|Any CPU
		{DED44D97-0B34-4E26-8E1B-1B60F0798EDE}.Debug|Any CPU.Build.0 = Debug|Any CPU
		{DED44D97-0B34-4E26-8E1B-1B60F0798EDE}.Debug|x64.ActiveCfg = Debug|Any CPU
		{DED44D97-0B34-4E26-8E1B-1B60F0798EDE}.Debug|x64.Build.0 = Debug|Any CPU
		{DED44D97-0B34-4E26-8E1B-1B60F0798EDE}.Debug|x86.ActiveCfg = Debug|Any CPU
		{DED44D97-0B34-4E26-8E1B-1B60F0798EDE}.Debug|x86.Build.0 = Debug|Any CPU
		{DED44D97-0B34-4E26-8E1B-1B60F0798EDE}.Release|Any CPU.ActiveCfg = Release|Any CPU
		{DED44D97-0B34-4E26-8E1B-1B60F0798EDE}.Release|Any CPU.Build.0 = Release|Any CPU
		{DED44D97-0B34-4E26-8E1B-1B60F0798EDE}.Release|x64.ActiveCfg = Release|Any CPU
		{DED44D97-0B34-4E26-8E1B-1B60F0798EDE}.Release|x64.Build.0 = Release|Any CPU
		{DED44D97-0B34-4E26-8E1B-1B60F0798EDE}.Release|x86.ActiveCfg = Release|Any CPU
		{DED44D97-0B34-4E26-8E1B-1B60F0798EDE}.Release|x86.Build.0 = Release|Any CPU
		{A101F850-4448-4E9E-B3D1-3A512C52E0B5}.Debug|Any CPU.ActiveCfg = Debug|Any CPU
		{A101F850-4448-4E9E-B3D1-3A512C52E0B5}.Debug|Any CPU.Build.0 = Debug|Any CPU
		{A101F850-4448-4E9E-B3D1-3A512C52E0B5}.Debug|x64.ActiveCfg = Debug|Any CPU
		{A101F850-4448-4E9E-B3D1-3A512C52E0B5}.Debug|x64.Build.0 = Debug|Any CPU
		{A101F850-4448-4E9E-B3D1-3A512C52E0B5}.Debug|x86.ActiveCfg = Debug|Any CPU
		{A101F850-4448-4E9E-B3D1-3A512C52E0B5}.Debug|x86.Build.0 = Debug|Any CPU
		{A101F850-4448-4E9E-B3D1-3A512C52E0B5}.Release|Any CPU.ActiveCfg = Release|Any CPU
		{A101F850-4448-4E9E-B3D1-3A512C52E0B5}.Release|Any CPU.Build.0 = Release|Any CPU
		{A101F850-4448-4E9E-B3D1-3A512C52E0B5}.Release|x64.ActiveCfg = Release|Any CPU
		{A101F850-4448-4E9E-B3D1-3A512C52E0B5}.Release|x64.Build.0 = Release|Any CPU
		{A101F850-4448-4E9E-B3D1-3A512C52E0B5}.Release|x86.ActiveCfg = Release|Any CPU
		{A101F850-4448-4E9E-B3D1-3A512C52E0B5}.Release|x86.Build.0 = Release|Any CPU
		{B94B2DED-E9AF-434B-82CE-DD2E599C9B62}.Debug|Any CPU.ActiveCfg = Debug|Any CPU
		{B94B2DED-E9AF-434B-82CE-DD2E599C9B62}.Debug|Any CPU.Build.0 = Debug|Any CPU
		{B94B2DED-E9AF-434B-82CE-DD2E599C9B62}.Debug|x64.ActiveCfg = Debug|Any CPU
		{B94B2DED-E9AF-434B-82CE-DD2E599C9B62}.Debug|x64.Build.0 = Debug|Any CPU
		{B94B2DED-E9AF-434B-82CE-DD2E599C9B62}.Debug|x86.ActiveCfg = Debug|Any CPU
		{B94B2DED-E9AF-434B-82CE-DD2E599C9B62}.Debug|x86.Build.0 = Debug|Any CPU
		{B94B2DED-E9AF-434B-82CE-DD2E599C9B62}.Release|Any CPU.ActiveCfg = Release|Any CPU
		{B94B2DED-E9AF-434B-82CE-DD2E599C9B62}.Release|Any CPU.Build.0 = Release|Any CPU
		{B94B2DED-E9AF-434B-82CE-DD2E599C9B62}.Release|x64.ActiveCfg = Release|Any CPU
		{B94B2DED-E9AF-434B-82CE-DD2E599C9B62}.Release|x64.Build.0 = Release|Any CPU
		{B94B2DED-E9AF-434B-82CE-DD2E599C9B62}.Release|x86.ActiveCfg = Release|Any CPU
		{B94B2DED-E9AF-434B-82CE-DD2E599C9B62}.Release|x86.Build.0 = Release|Any CPU
	EndGlobalSection
	GlobalSection(SolutionProperties) = preSolution
		HideSolutionNode = FALSE
	EndGlobalSection
	GlobalSection(NestedProjects) = preSolution
		{4606B198-2BE8-4A2C-9212-A55330B26B9C} = {4C6997A4-B06B-4E7E-B24A-241AF381F582}
		{970848C9-401D-4202-851C-E43214DEB43A} = {4C6997A4-B06B-4E7E-B24A-241AF381F582}
		{896AC4F0-EAF2-42CE-9839-BF2B275B799B} = {4C6997A4-B06B-4E7E-B24A-241AF381F582}
		{927C5ADC-0993-4E4B-9E37-E32844E47727} = {4606B198-2BE8-4A2C-9212-A55330B26B9C}
		{D752F911-192C-409B-89FF-B8A377134555} = {927C5ADC-0993-4E4B-9E37-E32844E47727}
		{944E89D7-67F9-4FA5-800A-78E39B997F4C} = {927C5ADC-0993-4E4B-9E37-E32844E47727}
		{72A5D754-B9B1-4CFF-AC2E-34EEDC3F97F6} = {927C5ADC-0993-4E4B-9E37-E32844E47727}
		{7F8B535C-D339-400D-B700-80B470C7F351} = {944E89D7-67F9-4FA5-800A-78E39B997F4C}
		{A012CDF1-8C1F-4605-A33C-24BE63BE036A} = {944E89D7-67F9-4FA5-800A-78E39B997F4C}
		{9D85A745-5B03-429B-86CF-9DDFDCCDFB9B} = {72A5D754-B9B1-4CFF-AC2E-34EEDC3F97F6}
		{EEDEB257-66FA-44F2-A7A0-10DD8110D520} = {72A5D754-B9B1-4CFF-AC2E-34EEDC3F97F6}
		{FB8A3B68-062C-41EA-99F3-C52F320DCE0C} = {D752F911-192C-409B-89FF-B8A377134555}
		{D0F55754-DA3D-4D3C-8ED7-3E5835A70B43} = {4606B198-2BE8-4A2C-9212-A55330B26B9C}
		{424E2D12-BD00-4F25-ACAE-A4624A84188C} = {D0F55754-DA3D-4D3C-8ED7-3E5835A70B43}
		{714FF788-759D-4732-BA13-9E5AF6291AE6} = {D0F55754-DA3D-4D3C-8ED7-3E5835A70B43}
		{EBB87581-F369-493A-A305-A109E08BDAA6} = {D0F55754-DA3D-4D3C-8ED7-3E5835A70B43}
		{324D1061-C17C-4A0D-A1EC-DF24324D4543} = {424E2D12-BD00-4F25-ACAE-A4624A84188C}
		{1098DC58-B8E1-4406-BACB-319CFEDC5032} = {424E2D12-BD00-4F25-ACAE-A4624A84188C}
		{F6B0E1A5-4408-45BF-931D-6333DF6668ED} = {714FF788-759D-4732-BA13-9E5AF6291AE6}
		{8DD599C9-07EF-43AB-9231-0D1638982F69} = {714FF788-759D-4732-BA13-9E5AF6291AE6}
		{C0F3B18D-F8C8-4DB3-977D-2D6B4BD079C3} = {EBB87581-F369-493A-A305-A109E08BDAA6}
		{73BC137B-7D20-4B6F-923D-45AB6C2F39F0} = {4606B198-2BE8-4A2C-9212-A55330B26B9C}
		{76466EEA-3FEC-4DDF-BB11-1ACDA644DB47} = {4606B198-2BE8-4A2C-9212-A55330B26B9C}
		{9730965E-65B4-497B-8C81-42C81D6E4CDE} = {73BC137B-7D20-4B6F-923D-45AB6C2F39F0}
		{9161EE79-0577-443E-A72F-BF1B0ADEFF05} = {9730965E-65B4-497B-8C81-42C81D6E4CDE}
		{9D2C8C01-E841-4E6F-BF0D-1697AC7ECD12} = {9730965E-65B4-497B-8C81-42C81D6E4CDE}
		{66DEFA6B-FBD9-4336-B9A7-0976906F388B} = {73BC137B-7D20-4B6F-923D-45AB6C2F39F0}
		{A365D5AF-49D3-4ABE-BB1B-D1A201629EC4} = {66DEFA6B-FBD9-4336-B9A7-0976906F388B}
		{162BC7D9-14AD-4D56-9050-BF84397A5720} = {66DEFA6B-FBD9-4336-B9A7-0976906F388B}
		{1578F33B-2CEC-428E-A98D-A9272A89F080} = {73BC137B-7D20-4B6F-923D-45AB6C2F39F0}
		{04350C01-5FA0-488E-A524-60A9C56319E1} = {1578F33B-2CEC-428E-A98D-A9272A89F080}
		{1811B961-FC1D-35D3-2C21-4F9B7FA99A9E} = {76466EEA-3FEC-4DDF-BB11-1ACDA644DB47}
		{6B5A494B-A963-446F-A922-292CCAEFFDAB} = {1811B961-FC1D-35D3-2C21-4F9B7FA99A9E}
		{0346E695-AF49-4289-8A33-F78F200CFC3F} = {1811B961-FC1D-35D3-2C21-4F9B7FA99A9E}
		{1629848D-8E76-EE2B-7B29-5BDEE1172420} = {76466EEA-3FEC-4DDF-BB11-1ACDA644DB47}
		{4FC419CA-D30D-4084-BBB5-5A6A890FC705} = {1629848D-8E76-EE2B-7B29-5BDEE1172420}
		{559997F8-0D80-4CF7-837E-FFA46B5D479F} = {1629848D-8E76-EE2B-7B29-5BDEE1172420}
		{4C664155-BBF2-7B66-009E-664A85640F3E} = {76466EEA-3FEC-4DDF-BB11-1ACDA644DB47}
		{0BC5B0A7-5A08-4A04-B8B5-FAADDFD9FDFC} = {4C664155-BBF2-7B66-009E-664A85640F3E}
		{A3D2BDD3-AE20-4F6E-B60C-02C4C202D483} = {970848C9-401D-4202-851C-E43214DEB43A}
		{0767D1A0-A719-43B0-84C5-E0302E06C910} = {970848C9-401D-4202-851C-E43214DEB43A}
		{DED44D97-0B34-4E26-8E1B-1B60F0798EDE} = {896AC4F0-EAF2-42CE-9839-BF2B275B799B}
		{A101F850-4448-4E9E-B3D1-3A512C52E0B5} = {896AC4F0-EAF2-42CE-9839-BF2B275B799B}
		{B94B2DED-E9AF-434B-82CE-DD2E599C9B62} = {896AC4F0-EAF2-42CE-9839-BF2B275B799B}
	EndGlobalSection
EndGlobal
